
Microsoft Visual Studio Solution File, Format Version 12.00
# Visual Studio Version 16
VisualStudioVersion = 16.0.29519.181
MinimumVisualStudioVersion = 10.0.40219.1
Project("{FAE04EC0-301F-11D3-BF4B-00C04F79EFBC}") = "WebApplication", "WebApplication\WebApplication.csproj", "{EDDF8FB7-EB3F-4608-8CA7-283E2709629B}"
EndProject
Project("{9A19103F-16F7-4668-BE54-9A1E7A4F7556}") = "DAL", "DAL\DAL.csproj", "{2180953F-44AC-4BC7-A59F-38C6D9B0B166}"
EndProject
Project("{FAE04EC0-301F-11D3-BF4B-00C04F79EFBC}") = "Core", "Core\Core.csproj", "{BA315815-86C8-4634-A1B0-E2FABED77CFD}"
EndProject
Global
	GlobalSection(SolutionConfigurationPlatforms) = preSolution
		Debug|Any CPU = Debug|Any CPU
		Release|Any CPU = Release|Any CPU
	EndGlobalSection
	GlobalSection(ProjectConfigurationPlatforms) = postSolution
		{EDDF8FB7-EB3F-4608-8CA7-283E2709629B}.Debug|Any CPU.ActiveCfg = Debug|Any CPU
		{EDDF8FB7-EB3F-4608-8CA7-283E2709629B}.Debug|Any CPU.Build.0 = Debug|Any CPU
		{EDDF8FB7-EB3F-4608-8CA7-283E2709629B}.Release|Any CPU.ActiveCfg = Release|Any CPU
		{EDDF8FB7-EB3F-4608-8CA7-283E2709629B}.Release|Any CPU.Build.0 = Release|Any CPU
		{2180953F-44AC-4BC7-A59F-38C6D9B0B166}.Debug|Any CPU.ActiveCfg = Debug|Any CPU
		{2180953F-44AC-4BC7-A59F-38C6D9B0B166}.Debug|Any CPU.Build.0 = Debug|Any CPU
		{2180953F-44AC-4BC7-A59F-38C6D9B0B166}.Release|Any CPU.ActiveCfg = Release|Any CPU
		{2180953F-44AC-4BC7-A59F-38C6D9B0B166}.Release|Any CPU.Build.0 = Release|Any CPU
		{BA315815-86C8-4634-A1B0-E2FABED77CFD}.Debug|Any CPU.ActiveCfg = Debug|Any CPU
		{BA315815-86C8-4634-A1B0-E2FABED77CFD}.Debug|Any CPU.Build.0 = Debug|Any CPU
		{BA315815-86C8-4634-A1B0-E2FABED77CFD}.Release|Any CPU.ActiveCfg = Release|Any CPU
		{BA315815-86C8-4634-A1B0-E2FABED77CFD}.Release|Any CPU.Build.0 = Release|Any CPU
	EndGlobalSection
	GlobalSection(SolutionProperties) = preSolution
		HideSolutionNode = FALSE
	EndGlobalSection
	GlobalSection(ExtensibilityGlobals) = postSolution
		SolutionGuid = {81389D88-725A-4ACE-A3FB-0A6A78A23A01}
	EndGlobalSection
EndGlobal
